github.com/go-gl/gl v0.0.0-20231021071112-07e5d0ea2e71 h1:5BVwOaUSBTlVZowGO6VZGw2H/zl9nrd3eCZfYV+NfQA=
github.com/go-gl/gl v0.0.0-20231021071112-07e5d0ea2e71/go.mod h1:9YTyiznxEY1fVinfM7RvRcjRHbw2xLBJ3AAGIT0I4Nw=
github.com/go-pdf/fpdf v0.9.0 h1:PPvSaUuo1iMi9KkaAn90NuKi+P4gwMedWPHhj8YlJQw=
github.com/go-pdf/fpdf v0.9.0/go.mod h1:oO8N111TkmKb9D7VvWGLvLJlaZUQVPM+6V42pp3iV4Y=
github.com/godbus/dbus/v5 v5.2.2 h1:TUR3TgtSVDmjiXOgAAyaZbYmIeP3DPkld3jgKGV8mXQ=
github.com/godbus/dbus/v5 v5.2.2/go.mod h1:3AAv2+hPq5rdnr5txxxRwiGjPXamgoIHgz9FPBfOp3c=
github.com/mike-ward/go-glyph v1.2.1 h1:yo8PD8JZZ+fp9T62LTyVcg0Mr2btssgoGe/3GMjXOB8=
github.com/mike-ward/go-glyph v1.2.1/go.mod h1:jsV/yFYssCROmfg4HTPUWZiKgC0E0SLPo85pBSjNRvs=
github.com/mike-ward/go-glyph/backend/sdl2 v1.0.1 h1:nZBqyXDMcdKRuPSYjoXgXL2ddzWe6AHLuFEvh3Wtiuc=
github.com/mike-ward/go-glyph/backend/sdl2 v1.0.1/go.mod h1:GIq0TU43ntWbufLdrT6nNElqaQvNTAMgR2mq8kLeTZk=
github.com/mike-ward/go-glyph/backend/web v1.0.0 h1:X3q+Vn8OJSqEZw1+mlChIUUhYRBQcdd/1UNLEHHFUGs=
github.com/mike-ward/go-glyph/backend/web v1.0.0/go.mod h1:Je7YtpRkEpXJ9AiJyU4ChhgyRD+Gymbe99uW0fcGbGQ=
github.com/veandco/go-sdl2 v0.4.40 h1:fZv6wC3zz1Xt167P09gazawnpa0KY5LM7JAvKpX9d/U=
github.com/veandco/go-sdl2 v0.4.40/go.mod h1:OROqMhHD43nT4/i9crJukyVecjPNYYuCofep6SNiAjY=
github.com/yuin/goldmark v1.7.16 h1:n+CJdUxaFMiDUNnWC3dMWCIQJSkxH4uz3ZwQBkAlVNE=
github.com/yuin/goldmark v1.7.16/go.mod h1:ip/1k0VRfGynBgxOz0yCqHrbZXhcjxyuS66Brc7iBKg=
github.com/yuin/goldmark-emoji v1.0.6 h1:QWfF2FYaXwL74tfGOW5izeiZepUDroDJfWubQI9HTHs=
github.com/yuin/goldmark-emoji v1.0.6/go.mod h1:ukxJDKFpdFb5x0a5HqbdlcKtebh086iJpI31LTKmWuA=
golang.org/x/sys v0.42.0 h1:omrd2nAlyT5ESRdCLYdm3+fMfNFE/+Rf4bDIQImRJeo=
golang.org/x/sys v0.42.0/go.mod h1:4GL1E5IUh+htKOUEOaiffhrAeqysfVGipDYzABqnCmw=
